{
  "requires": true,
  "lockfileVersion": 1,
  "dependencies": {
    "cz-git": {
      "version": "1.7.1",
      "resolved": "https://registry.npmjs.org/cz-git/-/cz-git-1.7.1.tgz",
      "integrity": "sha512-NMe4REukCS7op1YA1jixRXOgII8Um2/Ii8TeyFEOISgp2ZzeobzkMOP8dXSrTQ3bvmm7YpPOdr2301yJkOJcbA==",
      "dev": true
    }
  }
}
